
Microsoft Visual Studio Solution File, Format Version 12.00
Project("{FAE04EC0-301F-11D3-BF4B-00C04F79EFBC}") = "PD.API", "PD.API\PD.API.csproj", "{D0628284-EF49-44E0-90D8-C72F8BF977A7}"
EndProject
Project("{FAE04EC0-301F-11D3-BF4B-00C04F79EFBC}") = "PD.Domain", "PD.Domain\PD.Domain.csproj", "{1F61F714-F822-4731-B51B-7398BAEFDD21}"
EndProject
Project("{FAE04EC0-301F-11D3-BF4B-00C04F79EFBC}") = "PD.Domain.Interfaces", "PD.Domain.Interfaces\PD.Domain.Interfaces.csproj", "{4A9F3FC6-8D57-4A5E-94AD-1BDBFDD2F61E}"
EndProject
Project("{FAE04EC0-301F-11D3-BF4B-00C04F79EFBC}") = "PD.Domain.Models", "PD.Domain.Models\PD.Domain.Models.csproj", "{2C76B9D2-AC19-475A-936E-D084F4072F2D}"
EndProject
Project("{FAE04EC0-301F-11D3-BF4B-00C04F79EFBC}") = "PD.Data", "PD.Data\PD.Data.csproj", "{36305609-6B4D-4476-9493-FF3CEC0B3570}"
EndProject
Project("{FAE04EC0-301F-11D3-BF4B-00C04F79EFBC}") = "PD.Application", "PD.Application\PD.Application.csproj", "{046531CE-9FE4-4311-A3CF-1BB11D82AD80}"
EndProject
Project("{FAE04EC0-301F-11D3-BF4B-00C04F79EFBC}") = "PD.Application.Interfaces", "PD.Application.Interfaces\PD.Application.Interfaces.csproj", "{BBEAFACE-3B9F-4096-8BF5-0B74C3BB3898}"
EndProject
Project("{FAE04EC0-301F-11D3-BF4B-00C04F79EFBC}") = "PD.Application.Models", "PD.Application.Models\PD.Application.Models.csproj", "{7EEB5A0F-1879-4F8C-B9F1-198F04FECEB0}"
EndProject
Project("{FAE04EC0-301F-11D3-BF4B-00C04F79EFBC}") = "PD.Infrastructure", "PD.Infrastructure\PD.Infrastructure.csproj", "{17F83020-FD39-4881-8DC7-E9A7BCECB711}"
EndProject
Project("{2150E333-8FDC-42A3-9474-1A3956D46DE8}") = "Tests", "Tests", "{B52C8187-2806-413D-8DD2-20F1D5EFB379}"
EndProject
Project("{2150E333-8FDC-42A3-9474-1A3956D46DE8}") = "Application", "Application", "{C7A6D2B8-A1E1-4E4E-BC59-1D8F2474BBF2}"
EndProject
Project("{2150E333-8FDC-42A3-9474-1A3956D46DE8}") = "Domain", "Domain", "{515D25F2-E541-470C-9359-3A4C00B3C08C}"
EndProject
Project("{2150E333-8FDC-42A3-9474-1A3956D46DE8}") = "Data", "Data", "{3A751E43-8EAA-4CC0-ACED-DD8E85498484}"
EndProject
Project("{2150E333-8FDC-42A3-9474-1A3956D46DE8}") = "Infrastructure", "Infrastructure", "{C0B79C67-0B6E-4F9E-8C75-2F5CB8E1190A}"
EndProject
Project("{2150E333-8FDC-42A3-9474-1A3956D46DE8}") = "Api", "Api", "{FCCA55F8-667C-4003-8AF6-CAF30927514A}"
EndProject
Project("{FAE04EC0-301F-11D3-BF4B-00C04F79EFBC}") = "Tests.Unit.Application", "Tests.Unit.Application\Tests.Unit.Application.csproj", "{4850A732-C6EB-48AB-A6E4-79AE04892DC4}"
EndProject
Project("{2150E333-8FDC-42A3-9474-1A3956D46DE8}") = "Auth", "Auth", "{9BCBBCCA-A144-4A0A-9B5F-E7796FCA5B8D}"
EndProject
Project("{FAE04EC0-301F-11D3-BF4B-00C04F79EFBC}") = "PD.Auth", "PD.Auth\PD.Auth.csproj", "{6A9E724C-F2F5-4766-A06A-C590099B53F5}"
EndProject
Global
	GlobalSection(SolutionConfigurationPlatforms) = preSolution
		Debug|Any CPU = Debug|Any CPU
		Release|Any CPU = Release|Any CPU
	EndGlobalSection
	GlobalSection(ProjectConfigurationPlatforms) = postSolution
		{D0628284-EF49-44E0-90D8-C72F8BF977A7}.Debug|Any CPU.ActiveCfg = Debug|Any CPU
		{D0628284-EF49-44E0-90D8-C72F8BF977A7}.Debug|Any CPU.Build.0 = Debug|Any CPU
		{D0628284-EF49-44E0-90D8-C72F8BF977A7}.Release|Any CPU.ActiveCfg = Release|Any CPU
		{D0628284-EF49-44E0-90D8-C72F8BF977A7}.Release|Any CPU.Build.0 = Release|Any CPU
		{1F61F714-F822-4731-B51B-7398BAEFDD21}.Debug|Any CPU.ActiveCfg = Debug|Any CPU
		{1F61F714-F822-4731-B51B-7398BAEFDD21}.Debug|Any CPU.Build.0 = Debug|Any CPU
		{1F61F714-F822-4731-B51B-7398BAEFDD21}.Release|Any CPU.ActiveCfg = Release|Any CPU
		{1F61F714-F822-4731-B51B-7398BAEFDD21}.Release|Any CPU.Build.0 = Release|Any CPU
		{4A9F3FC6-8D57-4A5E-94AD-1BDBFDD2F61E}.Debug|Any CPU.ActiveCfg = Debug|Any CPU
		{4A9F3FC6-8D57-4A5E-94AD-1BDBFDD2F61E}.Debug|Any CPU.Build.0 = Debug|Any CPU
		{4A9F3FC6-8D57-4A5E-94AD-1BDBFDD2F61E}.Release|Any CPU.ActiveCfg = Release|Any CPU
		{4A9F3FC6-8D57-4A5E-94AD-1BDBFDD2F61E}.Release|Any CPU.Build.0 = Release|Any CPU
		{2C76B9D2-AC19-475A-936E-D084F4072F2D}.Debug|Any CPU.ActiveCfg = Debug|Any CPU
		{2C76B9D2-AC19-475A-936E-D084F4072F2D}.Debug|Any CPU.Build.0 = Debug|Any CPU
		{2C76B9D2-AC19-475A-936E-D084F4072F2D}.Release|Any CPU.ActiveCfg = Release|Any CPU
		{2C76B9D2-AC19-475A-936E-D084F4072F2D}.Release|Any CPU.Build.0 = Release|Any CPU
		{36305609-6B4D-4476-9493-FF3CEC0B3570}.Debug|Any CPU.ActiveCfg = Debug|Any CPU
		{36305609-6B4D-4476-9493-FF3CEC0B3570}.Debug|Any CPU.Build.0 = Debug|Any CPU
		{36305609-6B4D-4476-9493-FF3CEC0B3570}.Release|Any CPU.ActiveCfg = Release|Any CPU
		{36305609-6B4D-4476-9493-FF3CEC0B3570}.Release|Any CPU.Build.0 = Release|Any CPU
		{046531CE-9FE4-4311-A3CF-1BB11D82AD80}.Debug|Any CPU.ActiveCfg = Debug|Any CPU
		{046531CE-9FE4-4311-A3CF-1BB11D82AD80}.Debug|Any CPU.Build.0 = Debug|Any CPU
		{046531CE-9FE4-4311-A3CF-1BB11D82AD80}.Release|Any CPU.ActiveCfg = Release|Any CPU
		{046531CE-9FE4-4311-A3CF-1BB11D82AD80}.Release|Any CPU.Build.0 = Release|Any CPU
		{BBEAFACE-3B9F-4096-8BF5-0B74C3BB3898}.Debug|Any CPU.ActiveCfg = Debug|Any CPU
		{BBEAFACE-3B9F-4096-8BF5-0B74C3BB3898}.Debug|Any CPU.Build.0 = Debug|Any CPU
		{BBEAFACE-3B9F-4096-8BF5-0B74C3BB3898}.Release|Any CPU.ActiveCfg = Release|Any CPU
		{BBEAFACE-3B9F-4096-8BF5-0B74C3BB3898}.Release|Any CPU.Build.0 = Release|Any CPU
		{7EEB5A0F-1879-4F8C-B9F1-198F04FECEB0}.Debug|Any CPU.ActiveCfg = Debug|Any CPU
		{7EEB5A0F-1879-4F8C-B9F1-198F04FECEB0}.Debug|Any CPU.Build.0 = Debug|Any CPU
		{7EEB5A0F-1879-4F8C-B9F1-198F04FECEB0}.Release|Any CPU.ActiveCfg = Release|Any CPU
		{7EEB5A0F-1879-4F8C-B9F1-198F04FECEB0}.Release|Any CPU.Build.0 = Release|Any CPU
		{17F83020-FD39-4881-8DC7-E9A7BCECB711}.Debug|Any CPU.ActiveCfg = Debug|Any CPU
		{17F83020-FD39-4881-8DC7-E9A7BCECB711}.Debug|Any CPU.Build.0 = Debug|Any CPU
		{17F83020-FD39-4881-8DC7-E9A7BCECB711}.Release|Any CPU.ActiveCfg = Release|Any CPU
		{17F83020-FD39-4881-8DC7-E9A7BCECB711}.Release|Any CPU.Build.0 = Release|Any CPU
		{4850A732-C6EB-48AB-A6E4-79AE04892DC4}.Debug|Any CPU.ActiveCfg = Debug|Any CPU
		{4850A732-C6EB-48AB-A6E4-79AE04892DC4}.Debug|Any CPU.Build.0 = Debug|Any CPU
		{4850A732-C6EB-48AB-A6E4-79AE04892DC4}.Release|Any CPU.ActiveCfg = Release|Any CPU
		{4850A732-C6EB-48AB-A6E4-79AE04892DC4}.Release|Any CPU.Build.0 = Release|Any CPU
		{6A9E724C-F2F5-4766-A06A-C590099B53F5}.Debug|Any CPU.ActiveCfg = Debug|Any CPU
		{6A9E724C-F2F5-4766-A06A-C590099B53F5}.Debug|Any CPU.Build.0 = Debug|Any CPU
		{6A9E724C-F2F5-4766-A06A-C590099B53F5}.Release|Any CPU.ActiveCfg = Release|Any CPU
		{6A9E724C-F2F5-4766-A06A-C590099B53F5}.Release|Any CPU.Build.0 = Release|Any CPU
	EndGlobalSection
	GlobalSection(NestedProjects) = preSolution
		{046531CE-9FE4-4311-A3CF-1BB11D82AD80} = {C7A6D2B8-A1E1-4E4E-BC59-1D8F2474BBF2}
		{BBEAFACE-3B9F-4096-8BF5-0B74C3BB3898} = {C7A6D2B8-A1E1-4E4E-BC59-1D8F2474BBF2}
		{7EEB5A0F-1879-4F8C-B9F1-198F04FECEB0} = {C7A6D2B8-A1E1-4E4E-BC59-1D8F2474BBF2}
		{1F61F714-F822-4731-B51B-7398BAEFDD21} = {515D25F2-E541-470C-9359-3A4C00B3C08C}
		{2C76B9D2-AC19-475A-936E-D084F4072F2D} = {515D25F2-E541-470C-9359-3A4C00B3C08C}
		{4A9F3FC6-8D57-4A5E-94AD-1BDBFDD2F61E} = {515D25F2-E541-470C-9359-3A4C00B3C08C}
		{36305609-6B4D-4476-9493-FF3CEC0B3570} = {3A751E43-8EAA-4CC0-ACED-DD8E85498484}
		{17F83020-FD39-4881-8DC7-E9A7BCECB711} = {C0B79C67-0B6E-4F9E-8C75-2F5CB8E1190A}
		{D0628284-EF49-44E0-90D8-C72F8BF977A7} = {FCCA55F8-667C-4003-8AF6-CAF30927514A}
		{4850A732-C6EB-48AB-A6E4-79AE04892DC4} = {B52C8187-2806-413D-8DD2-20F1D5EFB379}
		{6A9E724C-F2F5-4766-A06A-C590099B53F5} = {9BCBBCCA-A144-4A0A-9B5F-E7796FCA5B8D}
	EndGlobalSection
EndGlobal
